# This file is @generated by PDM.
# It is not intended for manual editing.

[metadata]
groups = ["default"]
strategy = ["cross_platform", "inherit_metadata"]
lock_version = "4.4.2"
content_hash = "sha256:db8282e1b066f75c11d370d3645b7cf8e1bb8c885bbde151963205ad8d1a5b61"

[[package]]
name = "mo-divide"
version = "0.1.0"
requires_python = ">=3.8"
summary = "Default template for PDM package"
groups = ["default"]
files = [
    {file = "mo_divide-0.1.0-py3-none-any.whl", hash = "sha256:0c244ccde1d4d3033f0352f6daf4fb4f7b118f112cc17bca745e7f3fef915ab9"},
    {file = "mo_divide-0.1.0.tar.gz", hash = "sha256:5342767655d1f978465833e68ff207a7ac9ee69583daf3065786852d9b11079c"},
]

[[package]]
name = "mo-minus"
version = "0.1.0"
requires_python = ">=3.8"
summary = "Default template for PDM package"
groups = ["default"]
files = [
    {file = "mo_minus-0.1.0-py3-none-any.whl", hash = "sha256:af40ab722614d2428983b9f810f5f00ed8baf54a5ef1ea6b91607afb5520fae4"},
    {file = "mo_minus-0.1.0.tar.gz", hash = "sha256:921cf14e46b3dbd88ae77566961349a46a4d4bcb35bad32f3f6705d253910351"},
]

[[package]]
name = "mo-plus"
version = "0.1.0"
requires_python = ">=3.8"
summary = "Default template for PDM package"
groups = ["default"]
files = [
    {file = "mo_plus-0.1.0-py3-none-any.whl", hash = "sha256:b3d793a77acea3ea8824d50f7a6fb2b89cb1ea233c32e12567a1c3bc887512a3"},
    {file = "mo_plus-0.1.0.tar.gz", hash = "sha256:69d46d70728d5bc6e2249096d8aaac2271f9dcc06a17e5d2264c9e7772a47e90"},
]
